# This file is generated by running "yarn install" inside your project.
# Manual changes might be lost - proceed with caution!

__metadata:
  version: 8
  cacheKey: 10c0

"metadata-saml2@workspace:.":
  version: 0.0.0-use.local
  resolution: "metadata-saml2@workspace:."
  dependencies:
    xml2js: "npm:^0.6.2"
  languageName: unknown
  linkType: soft

"sax@npm:>=0.6.0":
  version: 1.2.4
  resolution: "sax@npm:1.2.4"
  checksum: 10c0/6e9b05ff443ee5e5096ce92d31c0740a20d33002fad714ebcb8fc7a664d9ee159103ebe8f7aef0a1f7c5ecacdd01f177f510dff95611c589399baf76437d3fe3
  languageName: node
  linkType: hard

"xml2js@npm:^0.6.2":
  version: 0.6.2
  resolution: "xml2js@npm:0.6.2"
  dependencies:
    sax: "npm:>=0.6.0"
    xmlbuilder: "npm:~11.0.0"
  checksum: 10c0/e98a84e9c172c556ee2c5afa0fc7161b46919e8b53ab20de140eedea19903ed82f7cd5b1576fb345c84f0a18da1982ddf65908129b58fc3d7cbc658ae232108f
  languageName: node
  linkType: hard

"xmlbuilder@npm:~11.0.0":
  version: 11.0.1
  resolution: "xmlbuilder@npm:11.0.1"
  checksum: 10c0/74b979f89a0a129926bc786b913459bdbcefa809afaa551c5ab83f89b1915bdaea14c11c759284bb9b931e3b53004dbc2181e21d3ca9553eeb0b2a7b4e40c35b
  languageName: node
  linkType: hard
